// !$*UTF8*$!
{
	archiveVersion = 1;
	classes = {
	};
	objectVersion = 46;
	objects = {

/* Begin PBXBuildFile section */
		A92AD0951A5C5C98001249B9 /* AppDelegate.swift in Sources */ = {isa = PBXBuildFile; fileRef = A92AD0941A5C5C98001249B9 /* AppDelegate.swift */; };
		A92AD0971A5C5C98001249B9 /* ViewController.swift in Sources */ = {isa = PBXBuildFile; fileRef = A92AD0961A5C5C98001249B9 /* ViewController.swift */; };
		A92AD09A1A5C5C98001249B9 /* Main.storyboard in Resources */ = {isa = PBXBuildFile; fileRef = A92AD0981A5C5C98001249B9 /* Main.storyboard */; };
		A92AD09C1A5C5C98001249B9 /* Images.xcassets in Resources */ = {isa = PBXBuildFile; fileRef = A92AD09B1A5C5C98001249B9 /* Images.xcassets */; };
		A92AD09F1A5C5C98001249B9 /* LaunchScreen.xib in Resources */ = {isa = PBXBuildFile; fileRef = A92AD09D1A5C5C98001249B9 /* LaunchScreen.xib */; };
		A92AD0AB1A5C5C99001249B9 /* Whats_the_WeatherTests.swift in Sources */ = {isa = PBXBuildFile; fileRef = A92AD0AA1A5C5C99001249B9 /* Whats_the_WeatherTests.swift */; };
/* End PBXBuildFile section */

/* Begin PBXContainerItemProxy section */
		A92AD0A51A5C5C99001249B9 /* PBXContainerItemProxy */ = {
			isa = PBXContainerItemProxy;
			containerPortal = A92AD0871A5C5C98001249B9 /* Project object */;
			proxyType = 1;
			remoteGlobalIDString = A92AD08E1A5C5C98001249B9;
			remoteInfo = "Whats the Weather";
		};
/* End PBXContainerItemProxy section */

/* Begin PBXFileReference section */
		A92AD08F1A5C5C98001249B9 /* Whats the Weather.app */ = {isa = PBXFileReference; explicitFileType = wrapper.application; includeInIndex = 0; path = "Whats the Weather.app"; sourceTree = BUILT_PRODUCTS_DIR; };
		A92AD0931A5C5C98001249B9 /* Info.plist */ = {isa = PBXFileReference; lastKnownFileType = text.plist.xml; path = Info.plist; sourceTree = "<group>"; };
		A92AD0941A5C5C98001249B9 /* AppDelegate.swift */ = {isa = PBXFileReference; lastKnownFileType = sourcecode.swift; path = AppDelegate.swift; sourceTree = "<group>"; };
		A92AD0961A5C5C98001249B9 /* ViewController.swift */ = {isa = PBXFileReference; lastKnownFileType = sourcecode.swift; path = ViewController.swift; sourceTree = "<group>"; };
		A92AD0991A5C5C98001249B9 /* Base */ = {isa = PBXFileReference; lastKnownFileType = file.storyboard; name = Base; path = Base.lproj/Main.storyboard; sourceTree = "<group>"; };
		A92AD09B1A5C5C98001249B9 /* Images.xcassets */ = {isa = PBXFileReference; lastKnownFileType = folder.assetcatalog; path = Images.xcassets; sourceTree = "<group>"; };
		A92AD09E1A5C5C98001249B9 /* Base */ = {isa = PBXFileReference; lastKnownFileType = file.xib; name = Base; path = Base.lproj/LaunchScreen.xib; sourceTree = "<group>"; };
		A92AD0A41A5C5C99001249B9 /* Whats the WeatherTests.xctest */ = {isa = PBXFileReference; explicitFileType = wrapper.cfbundle; includeInIndex = 0; path = "Whats the WeatherTests.xctest"; sourceTree = BUILT_PRODUCTS_DIR; };
		A92AD0A91A5C5C99001249B9 /* Info.plist */ = {isa = PBXFileReference; lastKnownFileType = text.plist.xml; path = Info.plist; sourceTree = "<group>"; };
		A92AD0AA1A5C5C99001249B9 /* Whats_the_WeatherTests.swift */ = {isa = PBXFileReference; lastKnownFileType = sourcecode.swift; path = Whats_the_WeatherTests.swift; sourceTree = "<group>"; };
/* End PBXFileReference section */

/* Begin PBXFrameworksBuildPhase section */
		A92AD08C1A5C5C98001249B9 /* Frameworks */ = {
			isa = PBXFrameworksBuildPhase;
			buildActionMask = 2147483647;
			files = (
			);
			runOnlyForDeploymentPostprocessing = 0;
		};
		A92AD0A11A5C5C99001249B9 /* Frameworks */ = {
			isa = PBXFrameworksBuildPhase;
			buildActionMask = 2147483647;
			files = (
			);
			runOnlyForDeploymentPostprocessing = 0;
		};
/* End PBXFrameworksBuildPhase section */

/* Begin PBXGroup section */
		A92AD0861A5C5C98001249B9 = {
			isa = PBXGroup;
			children = (
				A92AD0911A5C5C98001249B9 /* Whats the Weather */,
				A92AD0A71A5C5C99001249B9 /* Whats the WeatherTests */,
				A92AD0901A5C5C98001249B9 /* Products */,
			);
			sourceTree = "<group>";
		};
		A92AD0901A5C5C98001249B9 /* Products */ = {
			isa = PBXGroup;
			children = (
				A92AD08F1A5C5C98001249B9 /* Whats the Weather.app */,
				A92AD0A41A5C5C99001249B9 /* Whats the WeatherTests.xctest */,
			);
			name = Products;
			sourceTree = "<group>";
		};
		A92AD0911A5C5C98001249B9 /* Whats the Weather */ = {
			isa = PBXGroup;
			children = (
				A92AD0941A5C5C98001249B9 /* AppDelegate.swift */,
				A92AD0961A5C5C98001249B9 /* ViewController.swift */,
				A92AD0981A5C5C98001249B9 /* Main.storyboard */,
				A92AD09B1A5C5C98001249B9 /* Images.xcassets */,
				A92AD09D1A5C5C98001249B9 /* LaunchScreen.xib */,
				A92AD0921A5C5C98001249B9 /* Supporting Files */,
			);
			path = "Whats the Weather";
			sourceTree = "<group>";
		};
		A92AD0921A5C5C98001249B9 /* Supporting Files */ = {
			isa = PBXGroup;
			children = (
				A92AD0931A5C5C98001249B9 /* Info.plist */,
			);
			name = "Supporting Files";
			sourceTree = "<group>";
		};
		A92AD0A71A5C5C99001249B9 /* Whats the WeatherTests */ = {
			isa = PBXGroup;
			children = (
				A92AD0AA1A5C5C99001249B9 /* Whats_the_WeatherTests.swift */,
				A92AD0A81A5C5C99001249B9 /* Supporting Files */,
			);
			path = "Whats the WeatherTests";
			sourceTree = "<group>";
		};
		A92AD0A81A5C5C99001249B9 /* Supporting Files */ = {
			isa = PBXGroup;
			children = (
				A92AD0A91A5C5C99001249B9 /* Info.plist */,
			);
			name = "Supporting Files";
			sourceTree = "<group>";
		};
/* End PBXGroup section */

/* Begin PBXNativeTarget section */
		A92AD08E1A5C5C98001249B9 /* Whats the Weather */ = {
			isa = PBXNativeTarget;
			buildConfigurationList = A92AD0AE1A5C5C99001249B9 /* Build configuration list for PBXNativeTarget "Whats the Weather" */;
			buildPhases = (
				A92AD08B1A5C5C98001249B9 /* Sources */,
				A92AD08C1A5C5C98001249B9 /* Frameworks */,
				A92AD08D1A5C5C98001249B9 /* Resources */,
			);
			buildRules = (
			);
			dependencies = (
			);
			name = "Whats the Weather";
			productName = "Whats the Weather";
			productReference = A92AD08F1A5C5C98001249B9 /* Whats the Weather.app */;
			productType = "com.apple.product-type.application";
		};
		A92AD0A31A5C5C99001249B9 /* Whats the WeatherTests */ = {
			isa = PBXNativeTarget;
			buildConfigurationList = A92AD0B11A5C5C99001249B9 /* Build configuration list for PBXNativeTarget "Whats the WeatherTests" */;
			buildPhases = (
				A92AD0A01A5C5C99001249B9 /* Sources */,
				A92AD0A11A5C5C99001249B9 /* Frameworks */,
				A92AD0A21A5C5C99001249B9 /* Resources */,
			);
			buildRules = (
			);
			dependencies = (
				A92AD0A61A5C5C99001249B9 /* PBXTargetDependency */,
			);
			name = "Whats the WeatherTests";
			productName = "Whats the WeatherTests";
			productReference = A92AD0A41A5C5C99001249B9 /* Whats the WeatherTests.xctest */;
			productType = "com.apple.product-type.bundle.unit-test";
		};
/* End PBXNativeTarget section */

/* Begin PBXProject section */
		A92AD0871A5C5C98001249B9 /* Project object */ = {
			isa = PBXProject;
			attributes = {
				LastUpgradeCheck = 0610;
				ORGANIZATIONNAME = Alphaweb;
				TargetAttributes = {
					A92AD08E1A5C5C98001249B9 = {
						CreatedOnToolsVersion = 6.1.1;
					};
					A92AD0A31A5C5C99001249B9 = {
						CreatedOnToolsVersion = 6.1.1;
						TestTargetID = A92AD08E1A5C5C98001249B9;
					};
				};
			};
			buildConfigurationList = A92AD08A1A5C5C98001249B9 /* Build configuration list for PBXProject "Whats the Weather" */;
			compatibilityVersion = "Xcode 3.2";
			developmentRegion = English;
			hasScannedForEncodings = 0;
			knownRegions = (
				en,
				Base,
			);
			mainGroup = A92AD0861A5C5C98001249B9;
			productRefGroup = A92AD0901A5C5C98001249B9 /* Products */;
			projectDirPath = "";
			projectRoot = "";
			targets = (
				A92AD08E1A5C5C98001249B9 /* Whats the Weather */,
				A92AD0A31A5C5C99001249B9 /* Whats the WeatherTests */,
			);
		};
/* End PBXProject section */

/* Begin PBXResourcesBuildPhase section */
		A92AD08D1A5C5C98001249B9 /* Resources */ = {
			isa = PBXResourcesBuildPhase;
			buildActionMask = 2147483647;
			files = (
				A92AD09A1A5C5C98001249B9 /* Main.storyboard in Resources */,
				A92AD09F1A5C5C98001249B9 /* LaunchScreen.xib in Resources */,
				A92AD09C1A5C5C98001249B9 /* Images.xcassets in Resources */,
			);
			runOnlyForDeploymentPostprocessing = 0;
		};
		A92AD0A21A5C5C99001249B9 /* Resources */ = {
			isa = PBXResourcesBuildPhase;
			buildActionMask = 2147483647;
			files = (
			);
			runOnlyForDeploymentPostprocessing = 0;
		};
/* End PBXResourcesBuildPhase section */

/* Begin PBXSourcesBuildPhase section */
		A92AD08B1A5C5C98001249B9 /* Sources */ = {
			isa = PBXSourcesBuildPhase;
			buildActionMask = 2147483647;
			files = (
				A92AD0971A5C5C98001249B9 /* ViewController.swift in Sources */,
				A92AD0951A5C5C98001249B9 /* AppDelegate.swift in Sources */,
			);
			runOnlyForDeploymentPostprocessing = 0;
		};
		A92AD0A01A5C5C99001249B9 /* Sources */ = {
			isa = PBXSourcesBuildPhase;
			buildActionMask = 2147483647;
			files = (
				A92AD0AB1A5C5C99001249B9 /* Whats_the_WeatherTests.swift in Sources */,
			);
			runOnlyForDeploymentPostprocessing = 0;
		};
/* End PBXSourcesBuildPhase section */

/* Begin PBXTargetDependency section */
		A92AD0A61A5C5C99001249B9 /* PBXTargetDependency */ = {
			isa = PBXTargetDependency;
			target = A92AD08E1A5C5C98001249B9 /* Whats the Weather */;
			targetProxy = A92AD0A51A5C5C99001249B9 /* PBXContainerItemProxy */;
		};
/* End PBXTargetDependency section */

/* Begin PBXVariantGroup section */
		A92AD0981A5C5C98001249B9 /* Main.storyboard */ = {
			isa = PBXVariantGroup;
			children = (
				A92AD0991A5C5C98001249B9 /* Base */,
			);
			name = Main.storyboard;
			sourceTree = "<group>";
		};
		A92AD09D1A5C5C98001249B9 /* LaunchScreen.xib */ = {
			isa = PBXVariantGroup;
			children = (
				A92AD09E1A5C5C98001249B9 /* Base */,
			);
			name = LaunchScreen.xib;
			sourceTree = "<group>";
		};
/* End PBXVariantGroup section */

/* Begin XCBuildConfiguration section */
		A92AD0AC1A5C5C99001249B9 /* Debug */ = {
			isa = XCBuildConfiguration;
			buildSettings = {
				ALWAYS_SEARCH_USER_PATHS = NO;
				CLANG_CXX_LANGUAGE_STANDARD = "gnu++0x";
				CLANG_CXX_LIBRARY = "libc++";
				CLANG_ENABLE_MODULES = YES;
				CLANG_ENABLE_OBJC_ARC = YES;
				CLANG_WARN_BOOL_CONVERSION = YES;
				CLANG_WARN_CONSTANT_CONVERSION = YES;
				CLANG_WARN_DIRECT_OBJC_ISA_USAGE = YES_ERROR;
				CLANG_WARN_EMPTY_BODY = YES;
				CLANG_WARN_ENUM_CONVERSION = YES;
				CLANG_WARN_INT_CONVERSION = YES;
				CLANG_WARN_OBJC_ROOT_CLASS = YES_ERROR;
				CLANG_WARN_UNREACHABLE_CODE = YES;
				CLANG_WARN__DUPLICATE_METHOD_MATCH = YES;
				"CODE_SIGN_IDENTITY[sdk=iphoneos*]" = "iPhone Developer";
				COPY_PHASE_STRIP = NO;
				ENABLE_STRICT_OBJC_MSGSEND = YES;
				GCC_C_LANGUAGE_STANDARD = gnu99;
				GCC_DYNAMIC_NO_PIC = NO;
				GCC_OPTIMIZATION_LEVEL = 0;
				GCC_PREPROCESSOR_DEFINITIONS = (
					"DEBUG=1",
					"$(inherited)",
				);
				GCC_SYMBOLS_PRIVATE_EXTERN = NO;
				GCC_WARN_64_TO_32_BIT_CONVERSION = YES;
				GCC_WARN_ABOUT_RETURN_TYPE = YES_ERROR;
				GCC_WARN_UNDECLARED_SELECTOR = YES;
				GCC_WARN_UNINITIALIZED_AUTOS = YES_AGGRESSIVE;
				GCC_WARN_UNUSED_FUNCTION = YES;
				GCC_WARN_UNUSED_VARIABLE = YES;
				IPHONEOS_DEPLOYMENT_TARGET = 8.1;
				MTL_ENABLE_DEBUG_INFO = YES;
				ONLY_ACTIVE_ARCH = YES;
				SDKROOT = iphoneos;
				SWIFT_OPTIMIZATION_LEVEL = "-Onone";
			};
			name = Debug;
		};
		A92AD0AD1A5C5C99001249B9 /* Release */ = {
			isa = XCBuildConfiguration;
			buildSettings = {
				ALWAYS_SEARCH_USER_PATHS = NO;
				CLANG_CXX_LANGUAGE_STANDARD = "gnu++0x";
				CLANG_CXX_LIBRARY = "libc++";
				CLANG_ENABLE_MODULES = YES;
				CLANG_ENABLE_OBJC_ARC = YES;
				CLANG_WARN_BOOL_CONVERSION = YES;
				CLANG_WARN_CONSTANT_CONVERSION = YES;
				CLANG_WARN_DIRECT_OBJC_ISA_USAGE = YES_ERROR;
				CLANG_WARN_EMPTY_BODY = YES;
				CLANG_WARN_ENUM_CONVERSION = YES;
				CLANG_WARN_INT_CONVERSION = YES;
				CLANG_WARN_OBJC_ROOT_CLASS = YES_ERROR;
				CLANG_WARN_UNREACHABLE_CODE = YES;
				CLANG_WARN__DUPLICATE_METHOD_MATCH = YES;
				"CODE_SIGN_IDENTITY[sdk=iphoneos*]" = "iPhone Developer";
				COPY_PHASE_STRIP = YES;
				ENABLE_NS_ASSERTIONS = NO;
				ENABLE_STRICT_OBJC_MSGSEND = YES;
				GCC_C_LANGUAGE_STANDARD = gnu99;
				GCC_WARN_64_TO_32_BIT_CONVERSION = YES;
				GCC_WARN_ABOUT_RETURN_TYPE = YES_ERROR;
				GCC_WARN_UNDECLARED_SELECTOR = YES;
				GCC_WARN_UNINITIALIZED_AUTOS = YES_AGGRESSIVE;
				GCC_WARN_UNUSED_FUNCTION = YES;
				GCC_WARN_UNUSED_VARIABLE = YES;
				IPHONEOS_DEPLOYMENT_TARGET = 8.1;
				MTL_ENABLE_DEBUG_INFO = NO;
				SDKROOT = iphoneos;
				VALIDATE_PRODUCT = YES;
			};
			name = Release;
		};
		A92AD0AF1A5C5C99001249B9 /* Debug */ = {
			isa = XCBuildConfiguration;
			buildSettings = {
				ASSETCATALOG_COMPILER_APPICON_NAME = AppIcon;
				INFOPLIST_FILE = "Whats the Weather/Info.plist";
				LD_RUNPATH_SEARCH_PATHS = "$(inherited) @executable_path/Frameworks";
				PRODUCT_NAME = "$(TARGET_NAME)";
			};
			name = Debug;
		};
		A92AD0B01A5C5C99001249B9 /* Release */ = {
			isa = XCBuildConfiguration;
			buildSettings = {
				ASSETCATALOG_COMPILER_APPICON_NAME = AppIcon;
				INFOPLIST_FILE = "Whats the Weather/Info.plist";
				LD_RUNPATH_SEARCH_PATHS = "$(inherited) @executable_path/Frameworks";
				PRODUCT_NAME = "$(TARGET_NAME)";
			};
			name = Release;
		};
		A92AD0B21A5C5C99001249B9 /* Debug */ = {
			isa = XCBuildConfiguration;
			buildSettings = {
				BUNDLE_LOADER = "$(TEST_HOST)";
				FRAMEWORK_SEARCH_PATHS = (
					"$(SDKROOT)/Developer/Library/Frameworks",
					"$(inherited)",
				);
				GCC_PREPROCESSOR_DEFINITIONS = (
					"DEBUG=1",
					"$(inherited)",
				);
				INFOPLIST_FILE = "Whats the WeatherTests/Info.plist";
				LD_RUNPATH_SEARCH_PATHS = "$(inherited) @executable_path/Frameworks @loader_path/Frameworks";
				PRODUCT_NAME = "$(TARGET_NAME)";
				TEST_HOST = "$(BUILT_PRODUCTS_DIR)/Whats the Weather.app/Whats the Weather";
			};
			name = Debug;
		};
		A92AD0B31A5C5C99001249B9 /* Release */ = {
			isa = XCBuildConfiguration;
			buildSettings = {
				BUNDLE_LOADER = "$(TEST_HOST)";
				FRAMEWORK_SEARCH_PATHS = (
					"$(SDKROOT)/Developer/Library/Frameworks",
					"$(inherited)",
				);
				INFOPLIST_FILE = "Whats the WeatherTests/Info.plist";
				LD_RUNPATH_SEARCH_PATHS = "$(inherited) @executable_path/Frameworks @loader_path/Frameworks";
				PRODUCT_NAME = "$(TARGET_NAME)";
				TEST_HOST = "$(BUILT_PRODUCTS_DIR)/Whats the Weather.app/Whats the Weather";
			};
			name = Release;
		};
/* End XCBuildConfiguration section */

/* Begin XCConfigurationList section */
		A92AD08A1A5C5C98001249B9 /* Build configuration list for PBXProject "Whats the Weather" */ = {
			isa = XCConfigurationList;
			buildConfigurations = (
				A92AD0AC1A5C5C99001249B9 /* Debug */,
				A92AD0AD1A5C5C99001249B9 /* Release */,
			);
			defaultConfigurationIsVisible = 0;
			defaultConfigurationName = Release;
		};
		A92AD0AE1A5C5C99001249B9 /* Build configuration list for PBXNativeTarget "Whats the Weather" */ = {
			isa = XCConfigurationList;
			buildConfigurations = (
				A92AD0AF1A5C5C99001249B9 /* Debug */,
				A92AD0B01A5C5C99001249B9 /* Release */,
			);
			defaultConfigurationIsVisible = 0;
		};
		A92AD0B11A5C5C99001249B9 /* Build configuration list for PBXNativeTarget "Whats the WeatherTests" */ = {
			isa = XCConfigurationList;
			buildConfigurations = (
				A92AD0B21A5C5C99001249B9 /* Debug */,
				A92AD0B31A5C5C99001249B9 /* Release */,
			);
			defaultConfigurationIsVisible = 0;
		};
/* End XCConfigurationList section */
	};
	rootObject = A92AD0871A5C5C98001249B9 /* Project object */;
}
